# THIS IS AN AUTOGENERATED FILE. DO NOT EDIT THIS FILE DIRECTLY.
# yarn lockfile v1


"@cfpb/ccdb5-ui@2.9.2":
  version "2.9.2"
  resolved "https://registry.yarnpkg.com/@cfpb/ccdb5-ui/-/ccdb5-ui-2.9.2.tgz#497ad56cf589735e74702a5219b02538f5d25659"
  integrity sha512-hmxIVxaBSxSEh7jzjdSIi0wjj/V0V1fVoveX5d9ovvLVUzmHPgHJE/krtfaCnlDkcHp2s9qv9Ta1wMYNKO256A==
