# THIS IS AN AUTOGENERATED FILE. DO NOT EDIT THIS FILE DIRECTLY.
# yarn lockfile v1


"@cfpb/ccdb5-ui@2.7.0":
  version "2.7.0"
  resolved "https://registry.yarnpkg.com/@cfpb/ccdb5-ui/-/ccdb5-ui-2.7.0.tgz#0c60dd00385f535f7e834a7907d4e7fbfe97aa39"
  integrity sha512-1H3U9WCLfhF1DPTfunGqu/zZOgD4tqElkJdI0jbpjTi8IuDO1fsyLem8UjTsBUI6TFHEhsbuaQHENoFeex047w==
