# THIS IS AN AUTOGENERATED FILE. DO NOT EDIT THIS FILE DIRECTLY.
# yarn lockfile v1


"@cfpb/cfpb-core@0.0.9", "@cfpb/cfpb-core@^0.0.9":
  version "0.0.9"
  resolved "https://registry.yarnpkg.com/@cfpb/cfpb-core/-/cfpb-core-0.0.9.tgz#638b528687bfcd5a0cb20a3832d585147d186f51"
  integrity sha512-EiyAWmoRSojRRfZ1E3GjnFJeXY3ZrFDBScmh1oygHfsfKKvDsiGNFSqe3dOWRiweZ62yO/22oImU2jhmZhQHHw==
  dependencies:
    normalize-css "^2.0.0"
    normalize-legacy-addon "0.1.0"

"@cfpb/cfpb-grid@^0.0.9":
  version "0.0.9"
  resolved "https://registry.yarnpkg.com/@cfpb/cfpb-grid/-/cfpb-grid-0.0.9.tgz#06e1c1e93d160168c1b1227553de5ec986ba1266"
  integrity sha512-ArKSEsM1LnsDk8FpTWqqAm0IbROYakN2wtZBQPSOH+oXTWiVimAel6fM2v9aIppZOWOTjaK5M+Z6AXMrCh+KxQ==
  dependencies:
    normalize-css "^2.0.0"
    normalize-legacy-addon "0.1.0"

"@cfpb/cfpb-layout@0.0.9":
  version "0.0.9"
  resolved "https://registry.yarnpkg.com/@cfpb/cfpb-layout/-/cfpb-layout-0.0.9.tgz#92f79dd7ebdc2c1b29ff2226c6b2c2798b65557d"
  integrity sha512-I+AuCz1Qjbkzg8xGUvCZM3vh3b8YrPcH2CPSaG0Qt+Bh8YmplP8puPd9dXwCAGO/gwawkvg/OHAwhxNQnUqG2Q==
  dependencies:
    "@cfpb/cfpb-core" "^0.0.9"
    "@cfpb/cfpb-grid" "^0.0.9"

core-js@3.3.6:
  version "3.3.6"
  resolved "https://registry.yarnpkg.com/core-js/-/core-js-3.3.6.tgz#6ad1650323c441f45379e176ed175c0d021eac92"
  integrity sha512-u4oM8SHwmDuh5mWZdDg9UwNVq5s1uqq6ZDLLIs07VY+VJU91i3h4f3K/pgFvtUQPGdeStrZ+odKyfyt4EnKHfA==

"d3-array@1.2.0 - 2":
  version "2.4.0"
  resolved "https://registry.yarnpkg.com/d3-array/-/d3-array-2.4.0.tgz#87f8b9ad11088769c82b5ea846bcb1cc9393f242"
  integrity sha512-KQ41bAF2BMakf/HdKT865ALd4cgND6VcIztVQZUTt0+BH3RWy6ZYnHghVXf6NFjt2ritLr8H1T8LreAAlfiNcw==

d3-color@1:
  version "1.4.0"
  resolved "https://registry.yarnpkg.com/d3-color/-/d3-color-1.4.0.tgz#89c45a995ed773b13314f06460df26d60ba0ecaf"
  integrity sha512-TzNPeJy2+iEepfiL92LAAB7fvnp/dV2YwANPVHdDWmYMm23qIJBYww3qT8I8C1wXrmrg4UWs7BKc2tKIgyjzHg==

d3-format@1:
  version "1.4.4"
  resolved "https://registry.yarnpkg.com/d3-format/-/d3-format-1.4.4.tgz#356925f28d0fd7c7983bfad593726fce46844030"
  integrity sha512-TWks25e7t8/cqctxCmxpUuzZN11QxIA7YrMbram94zMQ0PXjE4LVIMe/f6a4+xxL8HQ3OsAFULOINQi1pE62Aw==

d3-interpolate@^1.2.0:
  version "1.4.0"
  resolved "https://registry.yarnpkg.com/d3-interpolate/-/d3-interpolate-1.4.0.tgz#526e79e2d80daa383f9e0c1c1c7dcc0f0583e987"
  integrity sha512-V9znK0zc3jOPV4VD2zZn0sDhZU3WAE2bmlxdIwwQPPzPjvyLkd8B3JUVdS1IDUFDkWZ72c9qnv1GK2ZagTZ8EA==
  dependencies:
    d3-color "1"

d3-scale@3.2.1:
  version "3.2.1"
  resolved "https://registry.yarnpkg.com/d3-scale/-/d3-scale-3.2.1.tgz#da1684adce7261b4bc7a76fe193d887f0e909e69"
  integrity sha512-huz5byJO/6MPpz6Q8d4lg7GgSpTjIZW/l+1MQkzKfu2u8P6hjaXaStOpmyrD6ymKoW87d2QVFCKvSjLwjzx/rA==
  dependencies:
    d3-array "1.2.0 - 2"
    d3-format "1"
    d3-interpolate "^1.2.0"
    d3-time "1"
    d3-time-format "2"

d3-selection@1.4.1:
  version "1.4.1"
  resolved "https://registry.yarnpkg.com/d3-selection/-/d3-selection-1.4.1.tgz#98eedbbe085fbda5bafa2f9e3f3a2f4d7d622a98"
  integrity sha512-BTIbRjv/m5rcVTfBs4AMBLKs4x8XaaLkwm28KWu9S2vKNqXkXt2AH2Qf0sdPZHjFxcWg/YL53zcqAz+3g4/7PA==

d3-time-format@2:
  version "2.2.3"
  resolved "https://registry.yarnpkg.com/d3-time-format/-/d3-time-format-2.2.3.tgz#0c9a12ee28342b2037e5ea1cf0b9eb4dd75f29cb"
  integrity sha512-RAHNnD8+XvC4Zc4d2A56Uw0yJoM7bsvOlJR33bclxq399Rak/b9bhvu/InjxdWhPtkgU53JJcleJTGkNRnN6IA==
  dependencies:
    d3-time "1"

d3-time@1:
  version "1.1.0"
  resolved "https://registry.yarnpkg.com/d3-time/-/d3-time-1.1.0.tgz#b1e19d307dae9c900b7e5b25ffc5dcc249a8a0f1"
  integrity sha512-Xh0isrZ5rPYYdqhAVk8VLnMEidhz5aP7htAADH6MfzgmmicPkTo8LhkLxci61/lCB7n7UmE3bN0leRt+qvkLxA==

es6-promise@4.2.8:
  version "4.2.8"
  resolved "https://registry.yarnpkg.com/es6-promise/-/es6-promise-4.2.8.tgz#4eb21594c972bc40553d276e510539143db53e0a"
  integrity sha512-HJDGx5daxeIvxdBxvG2cb9g4tEvwIk3i8+nhX0yGrYmZUzbkdg8QbDevheDB8gd0//uPj4c1EQua8Q+MViT0/w==

highcharts@7.2.1:
  version "7.2.1"
  resolved "https://registry.yarnpkg.com/highcharts/-/highcharts-7.2.1.tgz#313c434bbfd4525a72b76c6bfbd9c39dfe2d1993"
  integrity sha512-/fSUZiONmM+x49IQJNf8XwZGiNGOPRmxEOcd0xdJP9Xc3OlG46ZiUWgSLfhYQ9Oyhmzc3V3SKYCLud8+rKLi+w==

insert-css@0.0.0:
  version "0.0.0"
  resolved "https://registry.yarnpkg.com/insert-css/-/insert-css-0.0.0.tgz#2304bfa6f893abecb8ff9ca8d9c7605d94cf2911"
  integrity sha1-IwS/pviTq+y4/5yo2cdgXZTPKRE=

moment@2.24.0:
  version "2.24.0"
  resolved "https://registry.yarnpkg.com/moment/-/moment-2.24.0.tgz#0d055d53f5052aa653c9f6eb68bb5d12bf5c2b5b"
  integrity sha512-bV7f+6l2QigeBBZSM/6yTNq4P2fNpSWj/0e7jQcy87A8e7o2nAfP/34/2ky5Vw4B9S446EtIhodAzkFCcR4dQg==

normalize-css@^2.0.0:
  version "2.3.1"
  resolved "https://registry.yarnpkg.com/normalize-css/-/normalize-css-2.3.1.tgz#fc03e3b91e3a51aa7a1836bae7b2b6ac6d51e156"
  integrity sha1-/APjuR46Uap6GDa657K2rG1R4VY=
  dependencies:
    insert-css "0.0.0"

normalize-legacy-addon@0.1.0:
  version "0.1.0"
  resolved "https://registry.yarnpkg.com/normalize-legacy-addon/-/normalize-legacy-addon-0.1.0.tgz#8ca131e8503943a3a9e4d0d70cc0e80a27a40c9e"
  integrity sha1-jKEx6FA5Q6Op5NDXDMDoCiekDJ4=

whatwg-fetch@3.0.0:
  version "3.0.0"
  resolved "https://registry.yarnpkg.com/whatwg-fetch/-/whatwg-fetch-3.0.0.tgz#fc804e458cc460009b1a2b966bc8817d2578aefb"
  integrity sha512-9GSJUgz1D4MfyKU7KRqwOjXCXTqWdFNvEr7eUBYchQiVc744mqK/MzXPNR2WsPkmkOa4ywfg8C2n8h+13Bey1Q==
