# THIS IS AN AUTOGENERATED FILE. DO NOT EDIT THIS FILE DIRECTLY.
# yarn lockfile v1


"@cfpb/cfpb-core@0.0.8", "@cfpb/cfpb-core@^0.0.8":
  version "0.0.8"
  resolved "https://registry.yarnpkg.com/@cfpb/cfpb-core/-/cfpb-core-0.0.8.tgz#9d739b909f0ad3680879f8832e878936a5c37ba5"
  integrity sha512-NyApxTEq6DA4Ofm8bwElw7YT1jhFYrsBlCyR0oMOmNVtLdk4NB00DHdRMoTy0azJm7yX8jqNOrT5/5CwUAUOKg==
  dependencies:
    normalize-css "^2.0.0"
    normalize-legacy-addon "0.1.0"

"@cfpb/cfpb-core@0.0.9", "@cfpb/cfpb-core@^0.0.9":
  version "0.0.9"
  resolved "https://registry.yarnpkg.com/@cfpb/cfpb-core/-/cfpb-core-0.0.9.tgz#638b528687bfcd5a0cb20a3832d585147d186f51"
  integrity sha512-EiyAWmoRSojRRfZ1E3GjnFJeXY3ZrFDBScmh1oygHfsfKKvDsiGNFSqe3dOWRiweZ62yO/22oImU2jhmZhQHHw==
  dependencies:
    normalize-css "^2.0.0"
    normalize-legacy-addon "0.1.0"

"@cfpb/cfpb-grid@^0.0.8":
  version "0.0.8"
  resolved "https://registry.yarnpkg.com/@cfpb/cfpb-grid/-/cfpb-grid-0.0.8.tgz#2d8d386c93bef03f983d4140da180def60ee13b2"
  integrity sha512-PpfeSAXdNYgQtCChP/EhidUP1LDMEkuSi5jjRBwjB3vFKh4CMsPOuL+2IuPWZB5dmxLnFZHLrH10VIkx8ubdZw==
  dependencies:
    normalize-css "^2.0.0"
    normalize-legacy-addon "0.1.0"

"@cfpb/cfpb-grid@^0.0.9":
  version "0.0.9"
  resolved "https://registry.yarnpkg.com/@cfpb/cfpb-grid/-/cfpb-grid-0.0.9.tgz#06e1c1e93d160168c1b1227553de5ec986ba1266"
  integrity sha512-ArKSEsM1LnsDk8FpTWqqAm0IbROYakN2wtZBQPSOH+oXTWiVimAel6fM2v9aIppZOWOTjaK5M+Z6AXMrCh+KxQ==
  dependencies:
    normalize-css "^2.0.0"
    normalize-legacy-addon "0.1.0"

"@cfpb/cfpb-icons@^0.0.8":
  version "0.0.8"
  resolved "https://registry.yarnpkg.com/@cfpb/cfpb-icons/-/cfpb-icons-0.0.8.tgz#f4dcf8771e3dc26d61fc5137042df849df96e521"
  integrity sha512-7yIOGeXaMqEE0tw2w05iE1dbV8knMerTsSLvPZs4EB7wqNtyLnuNCr3ybGDcVwKXMe+rxxzKRFz1Wyf12WlaIg==

"@cfpb/cfpb-layout@0.0.8":
  version "0.0.8"
  resolved "https://registry.yarnpkg.com/@cfpb/cfpb-layout/-/cfpb-layout-0.0.8.tgz#2bc06dfab92439a5d03e3c67b775b0bc2dc8bca4"
  integrity sha512-+cEoRGNyA+PKrKoIKXDu4jiszXiFyJSs7I51p9+ch1OV8e1gNFLORXyIA2pGeVsFnNThaE8Xbw64DCpUxF2w2A==
  dependencies:
    "@cfpb/cfpb-core" "^0.0.8"
    "@cfpb/cfpb-grid" "^0.0.8"

"@cfpb/cfpb-layout@0.0.9":
  version "0.0.9"
  resolved "https://registry.yarnpkg.com/@cfpb/cfpb-layout/-/cfpb-layout-0.0.9.tgz#92f79dd7ebdc2c1b29ff2226c6b2c2798b65557d"
  integrity sha512-I+AuCz1Qjbkzg8xGUvCZM3vh3b8YrPcH2CPSaG0Qt+Bh8YmplP8puPd9dXwCAGO/gwawkvg/OHAwhxNQnUqG2Q==
  dependencies:
    "@cfpb/cfpb-core" "^0.0.9"
    "@cfpb/cfpb-grid" "^0.0.9"

"@cfpb/cfpb-typography@0.0.8":
  version "0.0.8"
  resolved "https://registry.yarnpkg.com/@cfpb/cfpb-typography/-/cfpb-typography-0.0.8.tgz#ba559e532899d1aef99bfa53f1b9d72570992fcd"
  integrity sha512-LnVNWH78hlNj1Idj3r60TJQOOEHB8b6z71SzjsyFk631wUCR8lrtxPLqOily6yndxEa109TCLN8zIX8KeRI76g==
  dependencies:
    "@cfpb/cfpb-core" "^0.0.8"
    "@cfpb/cfpb-icons" "^0.0.8"

cfpb-chart-builder@^6.4.0:
  version "6.4.0"
  resolved "https://registry.yarnpkg.com/cfpb-chart-builder/-/cfpb-chart-builder-6.4.0.tgz#0087b8df296a0d17fd8be4ac9ba11813f8a94273"
  integrity sha512-Bz4vLwS1vj8jApg6XAW+h7Jsu+2YX2n/UyxHqZzrtpyx5pXoeF6fZ6B4wGpV0U6h8WvVs7r7IJVHRaPpjmzDmg==
  dependencies:
    "@cfpb/cfpb-core" "0.0.8"
    "@cfpb/cfpb-layout" "0.0.8"
    "@cfpb/cfpb-typography" "0.0.8"
    core-js "3.3.6"
    highcharts "7.2.1"
    xdr "0.5.3"

core-js@3.3.6:
  version "3.3.6"
  resolved "https://registry.yarnpkg.com/core-js/-/core-js-3.3.6.tgz#6ad1650323c441f45379e176ed175c0d021eac92"
  integrity sha512-u4oM8SHwmDuh5mWZdDg9UwNVq5s1uqq6ZDLLIs07VY+VJU91i3h4f3K/pgFvtUQPGdeStrZ+odKyfyt4EnKHfA==

highcharts@7.2.1:
  version "7.2.1"
  resolved "https://registry.yarnpkg.com/highcharts/-/highcharts-7.2.1.tgz#313c434bbfd4525a72b76c6bfbd9c39dfe2d1993"
  integrity sha512-/fSUZiONmM+x49IQJNf8XwZGiNGOPRmxEOcd0xdJP9Xc3OlG46ZiUWgSLfhYQ9Oyhmzc3V3SKYCLud8+rKLi+w==

insert-css@0.0.0:
  version "0.0.0"
  resolved "https://registry.yarnpkg.com/insert-css/-/insert-css-0.0.0.tgz#2304bfa6f893abecb8ff9ca8d9c7605d94cf2911"
  integrity sha1-IwS/pviTq+y4/5yo2cdgXZTPKRE=

moment@2.24.0:
  version "2.24.0"
  resolved "https://registry.yarnpkg.com/moment/-/moment-2.24.0.tgz#0d055d53f5052aa653c9f6eb68bb5d12bf5c2b5b"
  integrity sha512-bV7f+6l2QigeBBZSM/6yTNq4P2fNpSWj/0e7jQcy87A8e7o2nAfP/34/2ky5Vw4B9S446EtIhodAzkFCcR4dQg==

normalize-css@^2.0.0:
  version "2.3.1"
  resolved "https://registry.yarnpkg.com/normalize-css/-/normalize-css-2.3.1.tgz#fc03e3b91e3a51aa7a1836bae7b2b6ac6d51e156"
  integrity sha1-/APjuR46Uap6GDa657K2rG1R4VY=
  dependencies:
    insert-css "0.0.0"

normalize-legacy-addon@0.1.0:
  version "0.1.0"
  resolved "https://registry.yarnpkg.com/normalize-legacy-addon/-/normalize-legacy-addon-0.1.0.tgz#8ca131e8503943a3a9e4d0d70cc0e80a27a40c9e"
  integrity sha1-jKEx6FA5Q6Op5NDXDMDoCiekDJ4=

xdr@0.5.3:
  version "0.5.3"
  resolved "https://registry.yarnpkg.com/xdr/-/xdr-0.5.3.tgz#c72cd3fe47bcc7607f5f5fc92510b0fab2e2a422"
  integrity sha1-xyzT/ke8x2B/X1/JJRCw+rLipCI=
