# THIS IS AN AUTOGENERATED FILE. DO NOT EDIT THIS FILE DIRECTLY.
# yarn lockfile v1


"@cfpb/cfpb-atomic-component@^0.0.8":
  version "0.0.8"
  resolved "https://registry.yarnpkg.com/@cfpb/cfpb-atomic-component/-/cfpb-atomic-component-0.0.8.tgz#edc174846ee98aad3e8bebe6d7ca7b838041f725"
  integrity sha512-/7bDbFqDXMwScbX1bSkXcYvF5uHu7eDK6oOCpD3clR+gNg55+CVcIao3fnMIQtR8s1P6AKEjKxFw9uW5I4B4ZA==
  dependencies:
    ftdomdelegate "^3.0.0"

"@cfpb/cfpb-core@^0.0.8":
  version "0.0.8"
  resolved "https://registry.yarnpkg.com/@cfpb/cfpb-core/-/cfpb-core-0.0.8.tgz#9d739b909f0ad3680879f8832e878936a5c37ba5"
  integrity sha512-NyApxTEq6DA4Ofm8bwElw7YT1jhFYrsBlCyR0oMOmNVtLdk4NB00DHdRMoTy0azJm7yX8jqNOrT5/5CwUAUOKg==
  dependencies:
    normalize-css "^2.0.0"
    normalize-legacy-addon "0.1.0"

"@cfpb/cfpb-expandables@0.0.8":
  version "0.0.8"
  resolved "https://registry.yarnpkg.com/@cfpb/cfpb-expandables/-/cfpb-expandables-0.0.8.tgz#3bbdea95a02470ac40bc90b7fbd3650efc2e1111"
  integrity sha512-xirt+vJkVHAKsPuBfGgDI6kQ4nYRawkaR4075LyB0jPmMjEpoXrf/98o/CqekG4Hgv5vXDyJt9AHz3pHvAhh7w==
  dependencies:
    "@cfpb/cfpb-atomic-component" "^0.0.8"
    "@cfpb/cfpb-core" "^0.0.8"
    "@cfpb/cfpb-icons" "^0.0.8"

"@cfpb/cfpb-icons@^0.0.8":
  version "0.0.8"
  resolved "https://registry.yarnpkg.com/@cfpb/cfpb-icons/-/cfpb-icons-0.0.8.tgz#f4dcf8771e3dc26d61fc5137042df849df96e521"
  integrity sha512-7yIOGeXaMqEE0tw2w05iE1dbV8knMerTsSLvPZs4EB7wqNtyLnuNCr3ybGDcVwKXMe+rxxzKRFz1Wyf12WlaIg==

ftdomdelegate@^3.0.0:
  version "3.1.0"
  resolved "https://registry.yarnpkg.com/ftdomdelegate/-/ftdomdelegate-3.1.0.tgz#f22a1bb3dba7ed0e239125487923899a16448963"
  integrity sha512-sEGlE4xTcwl7RxW8ypB2jUbKAWxG4iE7YLmko9AKdGUn2BY1fkg5zeC0Ec9Ac770iDpAqgzXdzO4KrPi3sasug==

insert-css@0.0.0:
  version "0.0.0"
  resolved "https://registry.yarnpkg.com/insert-css/-/insert-css-0.0.0.tgz#2304bfa6f893abecb8ff9ca8d9c7605d94cf2911"
  integrity sha1-IwS/pviTq+y4/5yo2cdgXZTPKRE=

normalize-css@^2.0.0:
  version "2.3.1"
  resolved "https://registry.yarnpkg.com/normalize-css/-/normalize-css-2.3.1.tgz#fc03e3b91e3a51aa7a1836bae7b2b6ac6d51e156"
  integrity sha1-/APjuR46Uap6GDa657K2rG1R4VY=
  dependencies:
    insert-css "0.0.0"

normalize-legacy-addon@0.1.0:
  version "0.1.0"
  resolved "https://registry.yarnpkg.com/normalize-legacy-addon/-/normalize-legacy-addon-0.1.0.tgz#8ca131e8503943a3a9e4d0d70cc0e80a27a40c9e"
  integrity sha1-jKEx6FA5Q6Op5NDXDMDoCiekDJ4=
