# This file is generated by running "yarn install" inside your project.
# Manual changes might be lost - proceed with caution!

__metadata:
  version: 8
  cacheKey: 10c0

"jquery@npm:3.6.1":
  version: 3.6.1
  resolution: "jquery@npm:3.6.1"
  checksum: 10c0/5867ba6c9f4eecb8e55965288799b2569f83cdac5f97602d6ae17959c3ff17e728dc7c6f75e607e00d235bfb41d6c730b61953a0052046e67784e2fb5edd151c
  languageName: node
  linkType: hard

"retirement@workspace:.":
  version: 0.0.0-use.local
  resolution: "retirement@workspace:."
  dependencies:
    jquery: "npm:3.6.1"
  languageName: unknown
  linkType: soft
