# THIS IS AN AUTOGENERATED FILE. DO NOT EDIT THIS FILE DIRECTLY.
# yarn lockfile v1


babel-polyfill@^7.0.0-beta.3:
  version "7.0.0-beta.3"
  resolved "https://registry.yarnpkg.com/babel-polyfill/-/babel-polyfill-7.0.0-beta.3.tgz#053f0943cdf498910cc037de2ffc7b1f2e36223a"
  integrity sha512-wEXpYXn61nCd+so0TOSzydX1mwUjst5Mx2yUV5fVs6AaK+PKqDdoecty2BHoEwaQTKcsq6ihoQZf9oaKV5DvEg==
  dependencies:
    core-js "^2.4.0"
    regenerator-runtime "^0.11.0"

cf-core@10.0.0:
  version "10.0.0"
  resolved "https://registry.yarnpkg.com/cf-core/-/cf-core-10.0.0.tgz#4e447a95c8b94b55c5ec16df8243173382fd321b"
  integrity sha512-NrPhzfwWv+KRnMMLYfOzuuDBsLQ80uBOdNTsYLxEvJrItLa/aXNSBJ1T+JHCxlodKFjT8e54rWf5oRaOq5DiuA==
  dependencies:
    normalize-css "^2.0.0"
    normalize-legacy-addon "0.1.0"

core-js@^2.4.0:
  version "2.6.11"
  resolved "https://registry.yarnpkg.com/core-js/-/core-js-2.6.11.tgz#38831469f9922bded8ee21c9dc46985e0399308c"
  integrity sha512-5wjnpaT/3dV+XB4borEsnAYQchn00XSgTAWKDkEqv+K8KevjbzmofK6hfJ9TZIlpj2N0xQpazy7PiRQiWHqzWg==

insert-css@0.0.0:
  version "0.0.0"
  resolved "https://registry.yarnpkg.com/insert-css/-/insert-css-0.0.0.tgz#2304bfa6f893abecb8ff9ca8d9c7605d94cf2911"
  integrity sha1-IwS/pviTq+y4/5yo2cdgXZTPKRE=

normalize-css@^2.0.0:
  version "2.3.1"
  resolved "https://registry.yarnpkg.com/normalize-css/-/normalize-css-2.3.1.tgz#fc03e3b91e3a51aa7a1836bae7b2b6ac6d51e156"
  integrity sha1-/APjuR46Uap6GDa657K2rG1R4VY=
  dependencies:
    insert-css "0.0.0"

normalize-legacy-addon@0.1.0:
  version "0.1.0"
  resolved "https://registry.yarnpkg.com/normalize-legacy-addon/-/normalize-legacy-addon-0.1.0.tgz#8ca131e8503943a3a9e4d0d70cc0e80a27a40c9e"
  integrity sha1-jKEx6FA5Q6Op5NDXDMDoCiekDJ4=

regenerator-runtime@^0.11.0:
  version "0.11.1"
  resolved "https://registry.yarnpkg.com/regenerator-runtime/-/regenerator-runtime-0.11.1.tgz#be05ad7f9bf7d22e056f9726cee5017fbf19e2e9"
  integrity sha512-MguG95oij0fC3QV3URf4V2SDYGJhJnJGqvIIgdECeODCT98wSWDAJ94SSuVpYQUoTcGUIL6L4yNB7j1DFFHSBg==
