# THIS IS AN AUTOGENERATED FILE. DO NOT EDIT THIS FILE DIRECTLY.
# yarn lockfile v1


debug@^2.1.3:
  version "2.6.9"
  resolved "https://registry.yarnpkg.com/debug/-/debug-2.6.9.tgz#5d128515df134ff327e90a4c93f4e077a536341f"
  integrity sha512-bC7ElrdJaJnPbAP+1EotYvqZsb3ecl5wi6Bfi6BJTUcNowp6cvspg0jXznRTKDjm/E7AdgFBVeAPVMNcKGsHMA==
  dependencies:
    ms "2.0.0"

fastdom@1.0.12:
  version "1.0.12"
  resolved "https://registry.yarnpkg.com/fastdom/-/fastdom-1.0.12.tgz#ae43d55af017252ae499b2e186511ab97412de39"
  integrity sha512-LB+xjSTEbjHE1cWsxu+tN2Xqr1kpi+V9aADI7sVM5ZMaXyYGPHULQMzpJMYqOTULK/73pUkWVzzObFRBkPr+hg==
  dependencies:
    strictdom "^1.0.1"

jsonp-p@2.0.0:
  version "2.0.0"
  resolved "https://registry.yarnpkg.com/jsonp-p/-/jsonp-p-2.0.0.tgz#98de9a1ed70bd16afb33198a701c8729301238a3"
  integrity sha512-r4Cx+919EUlt9qBYiEMNySduoEPsIlmv+6N3jgWqF6PPFa3WmzSGodhpUiTT9XG/ofhpnrzl3Tg3f73KjzmBWw==
  dependencies:
    jsonp "^0.2.0"

jsonp@^0.2.0:
  version "0.2.1"
  resolved "https://registry.yarnpkg.com/jsonp/-/jsonp-0.2.1.tgz#a65b4fa0f10bda719a05441ea7b94c55f3e15bae"
  integrity sha512-pfog5gdDxPdV4eP7Kg87M8/bHgshlZ5pybl+yKxAnCZ5O7lCIn7Ixydj03wOlnDQesky2BPyA91SQ+5Y/mNwzw==
  dependencies:
    debug "^2.1.3"

ms@2.0.0:
  version "2.0.0"
  resolved "https://registry.yarnpkg.com/ms/-/ms-2.0.0.tgz#5608aeadfc00be6c2901df5f9861788de0d597c8"
  integrity sha512-Tpp60P6IUJDTuOq/5Z8cdskzJujfwqfOTkrwIwj7IRISpnkJnT6SyJ4PCPnGMoFjC9ddhal5KVIYtAt97ix05A==

papaparse@5.3.2:
  version "5.3.2"
  resolved "https://registry.yarnpkg.com/papaparse/-/papaparse-5.3.2.tgz#d1abed498a0ee299f103130a6109720404fbd467"
  integrity sha512-6dNZu0Ki+gyV0eBsFKJhYr+MdQYAzFUGlBMNj3GNrmHxmz1lfRa24CjFObPXtjcetlOv5Ad299MhIK0znp3afw==

strictdom@^1.0.1:
  version "1.0.1"
  resolved "https://registry.yarnpkg.com/strictdom/-/strictdom-1.0.1.tgz#189de91649f73d44d59b8432efa68ef9d2659460"
  integrity sha512-cEmp9QeXXRmjj/rVp9oyiqcvyocWab/HaoN4+bwFeZ7QzykJD6L3yD4v12K1x0tHpqRqVpJevN3gW7kyM39Bqg==
