# This file is generated by running "yarn install" inside your project.
# Manual changes might be lost - proceed with caution!

__metadata:
  version: 8
  cacheKey: 10c0

"debug@npm:^2.1.3":
  version: 2.6.9
  resolution: "debug@npm:2.6.9"
  dependencies:
    ms: "npm:2.0.0"
  checksum: 10c0/121908fb839f7801180b69a7e218a40b5a0b718813b886b7d6bdb82001b931c938e2941d1e4450f33a1b1df1da653f5f7a0440c197f29fbf8a6e9d45ff6ef589
  languageName: node
  linkType: hard

"fastdom@npm:^1.0.6":
  version: 1.0.11
  resolution: "fastdom@npm:1.0.11"
  dependencies:
    strictdom: "npm:^1.0.1"
  checksum: 10c0/4ff808197efe23917770f4868aebf1fd293fa3b202e28152879dd889a39152fbce505dff7e5c5611d8697227ccea5c92cb44875bcacf6740e7c6c91d7bf3d845
  languageName: node
  linkType: hard

"jsonp-p@npm:2.0.0":
  version: 2.0.0
  resolution: "jsonp-p@npm:2.0.0"
  dependencies:
    jsonp: "npm:^0.2.0"
  checksum: 10c0/04787468fdf4c315b712396b08f97117ae1d31e0efe71d7bdea78de4be7316d730ddf0eae960bafbb48230978339a5e6a21c33e7ef625d6b106dac997a668608
  languageName: node
  linkType: hard

"jsonp@npm:^0.2.0":
  version: 0.2.1
  resolution: "jsonp@npm:0.2.1"
  dependencies:
    debug: "npm:^2.1.3"
  checksum: 10c0/744b828f50062cd691d70936c0ee796dc8cb1c78c96327c25c173ae8e2183b82295ec26a99fe3b092cc9b22e08c14a491bf8af639d576615798edbb50ab99f9b
  languageName: node
  linkType: hard

"ms@npm:2.0.0":
  version: 2.0.0
  resolution: "ms@npm:2.0.0"
  checksum: 10c0/f8fda810b39fd7255bbdc451c46286e549794fcc700dc9cd1d25658bbc4dc2563a5de6fe7c60f798a16a60c6ceb53f033cb353f493f0cf63e5199b702943159d
  languageName: node
  linkType: hard

"papaparse@npm:5.3.2":
  version: 5.3.2
  resolution: "papaparse@npm:5.3.2"
  checksum: 10c0/fdc50cae03fdf94fa2b78da86fe18fa53ca36753ccd6619ca7f738df097cdd2cbf572a9c048a72c05118db7cf0ccb25d574f39a720c5e1a8d8c6903b0fd30765
  languageName: node
  linkType: hard

"rural-or-underserved-tool@workspace:.":
  version: 0.0.0-use.local
  resolution: "rural-or-underserved-tool@workspace:."
  dependencies:
    fastdom: "npm:^1.0.6"
    jsonp-p: "npm:2.0.0"
    papaparse: "npm:5.3.2"
  languageName: unknown
  linkType: soft

"strictdom@npm:^1.0.1":
  version: 1.0.1
  resolution: "strictdom@npm:1.0.1"
  checksum: 10c0/3006ffccaa89ecc0ce2679d2726b7ea4901faa91152bf0211d11685de1c710f09a178c9dbc5ab1496e6101b686192595ff2aa78f128a814fd838793e4f29edc5
  languageName: node
  linkType: hard
