# THIS IS AN AUTOGENERATED FILE. DO NOT EDIT THIS FILE DIRECTLY.
# yarn lockfile v1


ctrl-f@1.4.2:
  version "1.4.2"
  resolved "https://registry.yarnpkg.com/ctrl-f/-/ctrl-f-1.4.2.tgz#b3faa188c92d4863113f883200b03c1c7640dea2"
  integrity sha512-2mHLIUFwlL/lIYGPneSURA/etAiyvgIPoli5VjIT6oohlrphvPLzx31j7C5TSUbwInfzN256/9JktWGWAjDvsg==
