# THIS IS AN AUTOGENERATED FILE. DO NOT EDIT THIS FILE DIRECTLY.
# yarn lockfile v1


ctrl-f@1.3.1:
  version "1.3.1"
  resolved "https://registry.yarnpkg.com/ctrl-f/-/ctrl-f-1.3.1.tgz#1c1602fe5aa4621e92b6a6df88616d739504120d"
  integrity sha512-GhDNphPXS2DQ/J9O0uPpmkfesh4g4IzPwZyguL8PByehN3cvBQRoyvsAMaK1hy/KbIL2cdMkDNFx16hDEDnj7w==
