# This file is generated by running "yarn install" inside your project.
# Manual changes might be lost - proceed with caution!

__metadata:
  version: 8
  cacheKey: 10c0

"cfpb-filing-instruction-guide@workspace:.":
  version: 0.0.0-use.local
  resolution: "cfpb-filing-instruction-guide@workspace:."
  dependencies:
    ctrl-f: "npm:1.4.2"
  languageName: unknown
  linkType: soft

"ctrl-f@npm:1.4.2":
  version: 1.4.2
  resolution: "ctrl-f@npm:1.4.2"
  checksum: 10c0/df9a78c695652856b267bc8382c6dc4698cd3465b337eeb71cf474584fa352f2d5e08502ef3d2b7e35ffced7d590eb555ae8e61ce3ac58d74ec830dacab0c52b
  languageName: node
  linkType: hard
