dependencies:
- name: postgresql
  repository: https://charts.bitnami.com/bitnami
  version: 10.16.2
- name: opensearch
  repository: https://opensearch-project.github.io/helm-charts/
  version: 2.0.0
- name: opensearch-dashboards
  repository: https://opensearch-project.github.io/helm-charts/
  version: 2.0.0
- name: elasticsearch
  repository: https://helm.elastic.co/
  version: 7.16.3
- name: kibana
  repository: https://helm.elastic.co/
  version: 7.16.3
digest: sha256:a608eae267a7b5596a7e81aa70b617099fb11500c5489cdc3417368da01bcefd
generated: "2022-05-25T11:23:12.810459-06:00"
