{
  "name": "analytics-gtm",
  "requires": true,
  "lockfileVersion": 1,
  "dependencies": {
    "babel-polyfill": {
      "version": "7.0.0-beta.3",
      "resolved": "https://registry.npmjs.org/babel-polyfill/-/babel-polyfill-7.0.0-beta.3.tgz",
      "integrity": "sha512-wEXpYXn61nCd+so0TOSzydX1mwUjst5Mx2yUV5fVs6AaK+PKqDdoecty2BHoEwaQTKcsq6ihoQZf9oaKV5DvEg==",
      "requires": {
        "core-js": "2.5.4",
        "regenerator-runtime": "0.11.1"
      }
    },
    "core-js": {
      "version": "2.5.4",
      "resolved": "https://registry.npmjs.org/core-js/-/core-js-2.5.4.tgz",
      "integrity": "sha1-8si/GB8qgLkvNgEhQpzmOi8K6uA="
    },
    "jquery": {
      "version": "3.3.1",
      "resolved": "https://registry.npmjs.org/jquery/-/jquery-3.3.1.tgz",
      "integrity": "sha512-Ubldcmxp5np52/ENotGxlLe6aGMvmF4R8S6tZjsP6Knsaxd/xp3Zrh50cG93lR6nPXyUFwzN3ZSOQI0wRJNdGg=="
    },
    "regenerator-runtime": {
      "version": "0.11.1",
      "resolved": "https://registry.npmjs.org/regenerator-runtime/-/regenerator-runtime-0.11.1.tgz",
      "integrity": "sha512-MguG95oij0fC3QV3URf4V2SDYGJhJnJGqvIIgdECeODCT98wSWDAJ94SSuVpYQUoTcGUIL6L4yNB7j1DFFHSBg=="
    }
  }
}
