# THIS IS AN AUTOGENERATED FILE. DO NOT EDIT THIS FILE DIRECTLY.
# yarn lockfile v1


babel-polyfill@^7.0.0-beta.3:
  version "7.0.0-beta.3"
  resolved "https://registry.yarnpkg.com/babel-polyfill/-/babel-polyfill-7.0.0-beta.3.tgz#053f0943cdf498910cc037de2ffc7b1f2e36223a"
  integrity sha512-wEXpYXn61nCd+so0TOSzydX1mwUjst5Mx2yUV5fVs6AaK+PKqDdoecty2BHoEwaQTKcsq6ihoQZf9oaKV5DvEg==
  dependencies:
    core-js "^2.4.0"
    regenerator-runtime "^0.11.0"

core-js@^2.4.0:
  version "2.6.12"
  resolved "https://registry.yarnpkg.com/core-js/-/core-js-2.6.12.tgz#d9333dfa7b065e347cc5682219d6f690859cc2ec"
  integrity sha512-Kb2wC0fvsWfQrgk8HU5lW6U/Lcs8+9aaYcy4ZFc6DDlo4nZ7n70dEgE5rtR0oG6ufKDUnrwfWL1mXR5ljDatrQ==

regenerator-runtime@^0.11.0:
  version "0.11.1"
  resolved "https://registry.yarnpkg.com/regenerator-runtime/-/regenerator-runtime-0.11.1.tgz#be05ad7f9bf7d22e056f9726cee5017fbf19e2e9"
  integrity sha512-MguG95oij0fC3QV3URf4V2SDYGJhJnJGqvIIgdECeODCT98wSWDAJ94SSuVpYQUoTcGUIL6L4yNB7j1DFFHSBg==
