# This file is generated by running "yarn install" inside your project.
# Manual changes might be lost - proceed with caution!

__metadata:
  version: 8
  cacheKey: 10c0

"@cfpb/student-debt-calculator@npm:3.0.2":
  version: 3.0.2
  resolution: "@cfpb/student-debt-calculator@npm:3.0.2"
  checksum: 10c0/0c27fbb8ffeb701d08e3c48591174fea666e089d297ed544186fdbbe5fc148fa36e575c9960611f066264ddf87cd3bc27ef4675af64a76180facf437bde65c13
  languageName: node
  linkType: hard

"jquery@npm:3.6.1":
  version: 3.6.1
  resolution: "jquery@npm:3.6.1"
  checksum: 10c0/5867ba6c9f4eecb8e55965288799b2569f83cdac5f97602d6ae17959c3ff17e728dc7c6f75e607e00d235bfb41d6c730b61953a0052046e67784e2fb5edd151c
  languageName: node
  linkType: hard

"paying-for-college@workspace:.":
  version: 0.0.0-use.local
  resolution: "paying-for-college@workspace:."
  dependencies:
    "@cfpb/student-debt-calculator": "npm:3.0.2"
    jquery: "npm:3.6.1"
  languageName: unknown
  linkType: soft
