# This file is generated by running "yarn install" inside your project.
# Manual changes might be lost - proceed with caution!

__metadata:
  version: 8
  cacheKey: 10c0

"fastdom@npm:1.0.10":
  version: 1.0.10
  resolution: "fastdom@npm:1.0.10"
  dependencies:
    strictdom: "npm:^1.0.1"
  checksum: 10c0/ffc81b68e31e7b19160b7216096632fa2240a1d0028b8bab474bb25e7c3c7ffff5ac81f3286431108085e575a7b034f948d9b8c18edaef95f239059d26f6491e
  languageName: node
  linkType: hard

"form-explainer@workspace:.":
  version: 0.0.0-use.local
  resolution: "form-explainer@workspace:."
  dependencies:
    fastdom: "npm:1.0.10"
  languageName: unknown
  linkType: soft

"strictdom@npm:^1.0.1":
  version: 1.0.1
  resolution: "strictdom@npm:1.0.1"
  checksum: 10c0/3006ffccaa89ecc0ce2679d2726b7ea4901faa91152bf0211d11685de1c710f09a178c9dbc5ab1496e6101b686192595ff2aa78f128a814fd838793e4f29edc5
  languageName: node
  linkType: hard
