# THIS IS AN AUTOGENERATED FILE. DO NOT EDIT THIS FILE DIRECTLY.
# yarn lockfile v1


fastdom@1.0.10:
  version "1.0.10"
  resolved "https://registry.yarnpkg.com/fastdom/-/fastdom-1.0.10.tgz#4f2c7c9b24e7e249fc70c63131842b859b92bf09"
  integrity sha512-sbL4h358IlZn8VsTvA5TYnKVLYif46XhPEll+HTSxVtDSpqZEO/17D/QqlxE9V2K7AQ82GXeYeQLU2HWwKgk1A==
  dependencies:
    strictdom "^1.0.1"

strictdom@^1.0.1:
  version "1.0.1"
  resolved "https://registry.yarnpkg.com/strictdom/-/strictdom-1.0.1.tgz#189de91649f73d44d59b8432efa68ef9d2659460"
  integrity sha512-cEmp9QeXXRmjj/rVp9oyiqcvyocWab/HaoN4+bwFeZ7QzykJD6L3yD4v12K1x0tHpqRqVpJevN3gW7kyM39Bqg==
