# THIS IS AN AUTOGENERATED FILE. DO NOT EDIT THIS FILE DIRECTLY.
# yarn lockfile v1


"@cfpb/rental-assistance-finder@0.3.2":
  version "0.3.2"
  resolved "https://registry.yarnpkg.com/@cfpb/rental-assistance-finder/-/rental-assistance-finder-0.3.2.tgz#9995fe27538f2eb682a7c39e218efed1bda5e1d1"
  integrity sha512-CkHPyfl/5kyAg+0STrfXe1Bw27HrMqhUNynnUor8vs/mDRvpXxT93s64dApAYNy97EoV1CIAFdhppNoHkR9Lgg==
