# THIS IS AN AUTOGENERATED FILE. DO NOT EDIT THIS FILE DIRECTLY.
# yarn lockfile v1


"@cfpb/rental-assistance-finder@0.2.0":
  version "0.2.0"
  resolved "https://registry.yarnpkg.com/@cfpb/rental-assistance-finder/-/rental-assistance-finder-0.2.0.tgz#c73e50f3375d380a21db752727fa407bc119fd02"
  integrity sha512-qkLnEQIzu+adQ38RecNecRxb7cvYCBQ210zk6WTnNaOdGg+23qBXfezeBrRnpzNORRVHRLrGuMR11MX23YfjQA==
