# This file is generated by running "yarn install" inside your project.
# Manual changes might be lost - proceed with caution!

__metadata:
  version: 8
  cacheKey: 10c0

"cfpb-tccp@workspace:.":
  version: 0.0.0-use.local
  resolution: "cfpb-tccp@workspace:."
  dependencies:
    htmx.org: "npm:1.9.10"
  languageName: unknown
  linkType: soft

"htmx.org@npm:1.9.10":
  version: 1.9.10
  resolution: "htmx.org@npm:1.9.10"
  checksum: 10c0/ba62c91c178fbbc5664dbe67691109773664b1122fc386a5d99a504adafd4300050e28d23e1d769850a3d8d2f6bcf0935a1dd0e05e653546f3e1bc8be006d94e
  languageName: node
  linkType: hard
