# THIS IS AN AUTOGENERATED FILE. DO NOT EDIT THIS FILE DIRECTLY.
# yarn lockfile v1


htmx.org@1.9.10:
  version "1.9.10"
  resolved "https://registry.yarnpkg.com/htmx.org/-/htmx.org-1.9.10.tgz#63c67e1e7a447086a3119c156f08722c624aacac"
  integrity sha512-UgchasltTCrTuU2DQLom3ohHrBvwr7OqpwyAVJ9VxtNBng4XKkVsqrv0Qr3srqvM9ZNI3f1MmvVQQqK7KW/bTA==
