# THIS IS AN AUTOGENERATED FILE. DO NOT EDIT THIS FILE DIRECTLY.
# yarn lockfile v1


xdr@0.5.3:
  version "0.5.3"
  resolved "https://registry.yarnpkg.com/xdr/-/xdr-0.5.3.tgz#c72cd3fe47bcc7607f5f5fc92510b0fab2e2a422"
  integrity sha512-V/Q4qUw2PHS/2LIepQfaXCc8lighd4vhJhwCruqOly/VXzEntWzJi7XVkmcwyoUOuT4GVMpzCt7R5J4UdyIHbA==
