{
  "name": "owning-a-home",
  "requires": true,
  "lockfileVersion": 1,
  "dependencies": {
    "fastdom": {
      "version": "1.0.6",
      "resolved": "https://registry.npmjs.org/fastdom/-/fastdom-1.0.6.tgz",
      "integrity": "sha1-D6WGYjjh6L6jXcFOMc3zRUfw23M=",
      "dev": true,
      "requires": {
        "strictdom": "1.0.1"
      }
    },
    "strictdom": {
      "version": "1.0.1",
      "resolved": "https://registry.npmjs.org/strictdom/-/strictdom-1.0.1.tgz",
      "integrity": "sha1-GJ3pFkn3PUTVm4Qy76aO+dJllGA=",
      "dev": true
    }
  }
}
