# This file is generated by running "yarn install" inside your project.
# Manual changes might be lost - proceed with caution!

__metadata:
  version: 8
  cacheKey: 10c0

"@cfpb/jumbo-mortgage@npm:5.0.0":
  version: 5.0.0
  resolution: "@cfpb/jumbo-mortgage@npm:5.0.0"
  dependencies:
    format-usd: "npm:~0.1.0"
  checksum: 10c0/e898cbc70d2c2d2849407c3354f8a983dd51b85a0b1e894da74ff2f85b81c2276c7109adb051a1ad6f744efdc66be2302c98be15601f297412da80a1c89eaa7c
  languageName: node
  linkType: hard

"amortize@npm:1.1.0":
  version: 1.1.0
  resolution: "amortize@npm:1.1.0"
  checksum: 10c0/d7606d761da035969d62d9ccc788e1862e868de66b281562195b9de767e34ab182570d71be720f0a0a311b1909d02a11cf3c4619da7857c3e16a4437922105bd
  languageName: node
  linkType: hard

"custom-event@npm:^1.0.1":
  version: 1.0.1
  resolution: "custom-event@npm:1.0.1"
  checksum: 10c0/86cd8497328b1e17dcda894c8df34a73b7a99f915123940d39b33c709482b2d3a2e689cd5e79e4775eb4167227689f57a2ae2f99a3f0bc9c54c0ac1b06853bd5
  languageName: node
  linkType: hard

"ev-pos@npm:^1.0.1":
  version: 1.0.1
  resolution: "ev-pos@npm:1.0.1"
  checksum: 10c0/3d8a2255152b7303c6df92468f599211c0c99fb53fbe1ddb841896675b575ed21ed3951fae877b52e05feceb97fd2271b326a7307a7e017ca94908cc6dae466f
  languageName: node
  linkType: hard

"format-usd@npm:~0.1.0":
  version: 0.1.0
  resolution: "format-usd@npm:0.1.0"
  checksum: 10c0/05c616d941aecf77820679b28bd7b74663955f042764827f4ef566ed00c0a43b63052c946e6083f1a5dfb6d53483250704d01aa4e114b7d8d86ff5f5bc62d65f
  languageName: node
  linkType: hard

"highcharts@npm:7.2.2":
  version: 7.2.2
  resolution: "highcharts@npm:7.2.2"
  checksum: 10c0/6d95bb85b266a67a5e58d0bfab3437f00bae4d5c4d6d6b07db22b8b5961a7330bffb802e3a226e0e570e3a378081aaa8fb4e42f6b7cb5ff23ca2b98107e373f2
  languageName: node
  linkType: hard

"jquery@npm:3.6.0":
  version: 3.6.0
  resolution: "jquery@npm:3.6.0"
  checksum: 10c0/45a63f8376a8918087c0277b2394dd382fcacff765c41ccbb5009a9336f8c971bf41c6a0519062edc1dff6333d96959c3a3ec55c95eb6c94d5372253d6cbf82f
  languageName: node
  linkType: hard

"median@npm:0.0.2":
  version: 0.0.2
  resolution: "median@npm:0.0.2"
  checksum: 10c0/2bf98b3ce310acad077844c21e43a10a3821428a1ffa231f03931e92b02789fd1c2269eb42304f4f73e834e1e76422c33d7c0a95374653ef9490bda9f8b20915
  languageName: node
  linkType: hard

"owning-a-home@workspace:.":
  version: 0.0.0-use.local
  resolution: "owning-a-home@workspace:."
  dependencies:
    "@cfpb/jumbo-mortgage": "npm:5.0.0"
    amortize: "npm:1.1.0"
    highcharts: "npm:7.2.2"
    jquery: "npm:3.6.0"
    median: "npm:0.0.2"
    rangeslider-js: "npm:3.2.5"
  languageName: unknown
  linkType: soft

"rangeslider-js@npm:3.2.5":
  version: 3.2.5
  resolution: "rangeslider-js@npm:3.2.5"
  dependencies:
    custom-event: "npm:^1.0.1"
    ev-pos: "npm:^1.0.1"
  checksum: 10c0/6811fde9ac200f8ce6ced2da6f2ad15d48e28a3fe12a62783d7cb6470c1aa2558311c04200055a2131a3af0ca59bf895b1ffe2b4a7c155bfbafa8b5554aceaff
  languageName: node
  linkType: hard
