# THIS IS AN AUTOGENERATED FILE. DO NOT EDIT THIS FILE DIRECTLY.
# yarn lockfile v1


amortize@0.2.2:
  version "0.2.2"
  resolved "https://registry.yarnpkg.com/amortize/-/amortize-0.2.2.tgz#4dc0ba2f6f0fe308cae9c30f536654df5177b7a0"
  integrity sha1-TcC6L28P4wjK6cMPU2ZU31F3t6A=

async@^2.5.0:
  version "2.6.1"
  resolved "https://registry.yarnpkg.com/async/-/async-2.6.1.tgz#b245a23ca71930044ec53fa46aa00a3e87c6a610"
  integrity sha512-fNEiL2+AZt6AlAw/29Cr0UDe4sRAHCpEHh54WMz+Bb7QfNcFw4h3loofyJpLeQs4Yx7yuqu/2dLgM5hKOs6HlQ==
  dependencies:
    lodash "^4.17.10"

async@~0.2.10:
  version "0.2.10"
  resolved "https://registry.yarnpkg.com/async/-/async-0.2.10.tgz#b6bbe0b0674b9d719708ca38de8c237cb526c3d1"
  integrity sha1-trvgsGdLnXGXCMo43owjfLUmw9E=

axios@^0.17.1:
  version "0.17.1"
  resolved "https://registry.yarnpkg.com/axios/-/axios-0.17.1.tgz#2d8e3e5d0bdbd7327f91bc814f5c57660f81824d"
  integrity sha1-LY4+XQvb1zJ/kbyBT1xXZg+Bgk0=
  dependencies:
    follow-redirects "^1.2.5"
    is-buffer "^1.1.5"

big.js@^3.1.3:
  version "3.2.0"
  resolved "https://registry.yarnpkg.com/big.js/-/big.js-3.2.0.tgz#a5fc298b81b9e0dca2e458824784b65c52ba588e"
  integrity sha512-+hN/Zh2D08Mx65pZ/4g5bsmNiZUuChDiQfTUQ7qJr4/kuopCr88xZsAXv6mBoZEsUI4OuGHlX59qE94K2mMW8Q==

commander@~2.17.1:
  version "2.17.1"
  resolved "https://registry.yarnpkg.com/commander/-/commander-2.17.1.tgz#bd77ab7de6de94205ceacc72f1716d29f20a77bf"
  integrity sha512-wPMUt6FnH2yzG95SA6mzjQOEKUU3aLaDEmzs1ti+1E9h+CsrZghRlqEM/EJ4KscsQVG8uNN4uVreUeT8+drlgg==

custom-event@^1.0.1:
  version "1.0.1"
  resolved "https://registry.yarnpkg.com/custom-event/-/custom-event-1.0.1.tgz#5d02a46850adf1b4a317946a3928fccb5bfd0425"
  integrity sha1-XQKkaFCt8bSjF5RqOSj8y1v9BCU=

date-format@0.0.2:
  version "0.0.2"
  resolved "https://registry.yarnpkg.com/date-format/-/date-format-0.0.2.tgz#fafd448f72115ef1e2b739155ae92f2be6c28dd1"
  integrity sha1-+v1Ej3IRXvHitzkVWukvK+bCjdE=

debug@=3.1.0:
  version "3.1.0"
  resolved "https://registry.yarnpkg.com/debug/-/debug-3.1.0.tgz#5bb5a0672628b64149566ba16819e61518c67261"
  integrity sha512-OX8XqP7/1a9cqkxYw2yXss15f26NKWBpDXQd0/uK/KPqdQhxbPa994hnzjcE2VqQpDslf55723cKPUOGSmMY3g==
  dependencies:
    ms "2.0.0"

emojis-list@^2.0.0:
  version "2.1.0"
  resolved "https://registry.yarnpkg.com/emojis-list/-/emojis-list-2.1.0.tgz#4daa4d9db00f9819880c79fa457ae5b09a1fd389"
  integrity sha1-TapNnbAPmBmIDHn6RXrlsJof04k=

es6-promise@4.2.4:
  version "4.2.4"
  resolved "https://registry.yarnpkg.com/es6-promise/-/es6-promise-4.2.4.tgz#dc4221c2b16518760bd8c39a52d8f356fc00ed29"
  integrity sha512-/NdNZVJg+uZgtm9eS3O6lrOLYmQag2DjdEXuPaHlZ6RuVqgqaVZfgYCepEIKsLqwdQArOPtC3XzRLqGGfT8KQQ==

ev-pos@^1.0.1:
  version "1.0.1"
  resolved "https://registry.yarnpkg.com/ev-pos/-/ev-pos-1.0.1.tgz#8bd7726667dfc3322f7f33e12bfd8a79658f66d0"
  integrity sha1-i9dyZmffwzIvfzPhK/2KeWWPZtA=

fastdom@1.0.6:
  version "1.0.6"
  resolved "https://registry.yarnpkg.com/fastdom/-/fastdom-1.0.6.tgz#0fa5866238e1e8bea35dc14e31cdf34547f0db73"
  integrity sha1-D6WGYjjh6L6jXcFOMc3zRUfw23M=
  dependencies:
    strictdom "^1.0.1"

fastparse@^1.0.0:
  version "1.1.2"
  resolved "https://registry.yarnpkg.com/fastparse/-/fastparse-1.1.2.tgz#91728c5a5942eced8531283c79441ee4122c35a9"
  integrity sha512-483XLLxTVIwWK3QTrMGRqUfUpoOs/0hbQrl2oz4J0pAcm3A3bu84wxTFqGqkJzewCLdME38xJLJAxBABfQT8sQ==

follow-redirects@^1.2.5:
  version "1.5.10"
  resolved "https://registry.yarnpkg.com/follow-redirects/-/follow-redirects-1.5.10.tgz#7b7a9f9aea2fdff36786a94ff643ed07f4ff5e2a"
  integrity sha512-0V5l4Cizzvqt5D44aTXbFZz+FtyXV1vrDN6qrelxtfYQKW0KO0W2T/hkE8xvGa/540LkZlkaUjO4ailYTFtHVQ==
  dependencies:
    debug "=3.1.0"

format-usd@0.2.0:
  version "0.2.0"
  resolved "https://registry.yarnpkg.com/format-usd/-/format-usd-0.2.0.tgz#b2a57d8d678c65be59b438d83f68c839a0656f9b"
  integrity sha1-sqV9jWeMZb5ZtDjYP2jIOaBlb5s=

format-usd@~0.1.0:
  version "0.1.0"
  resolved "https://registry.yarnpkg.com/format-usd/-/format-usd-0.1.0.tgz#6ff5475a4ddceb6fc5d3d2f93fedd70e2670ad3e"
  integrity sha1-b/VHWk3c62/F09L5P+3XDiZwrT4=

"handlebars-loader@git+https://github.com/Waavi/handlebars-loader.git":
  version "1.6.0"
  resolved "git+https://github.com/Waavi/handlebars-loader.git#c51b8354b0cd42bbe4a86b58f264f820443dca7f"
  dependencies:
    async "~0.2.10"
    fastparse "^1.0.0"
    loader-utils "1.0.x"
    object-assign "^4.1.0"

handlebars@^4.0.11:
  version "4.0.12"
  resolved "https://registry.yarnpkg.com/handlebars/-/handlebars-4.0.12.tgz#2c15c8a96d46da5e266700518ba8cb8d919d5bc5"
  integrity sha512-RhmTekP+FZL+XNhwS1Wf+bTTZpdLougwt5pcgA1tuz6Jcx0fpH/7z0qd71RKnZHBCxIRBHfBOnio4gViPemNzA==
  dependencies:
    async "^2.5.0"
    optimist "^0.6.1"
    source-map "^0.6.1"
  optionalDependencies:
    uglify-js "^3.1.4"

highcharts@6.0.7:
  version "6.0.7"
  resolved "https://registry.yarnpkg.com/highcharts/-/highcharts-6.0.7.tgz#fd5c4f24fdc61a04ae155a5b70830a96c8f70919"
  integrity sha512-LR1gArvVqegc0Gf1bAESm6scmCV5CuyIS0UZTqXKQs5mxMXYXES+xJl5htV3P2GqzleDrp1dsTqDdL9u4DF5Qw==

is-buffer@^1.1.5:
  version "1.1.6"
  resolved "https://registry.yarnpkg.com/is-buffer/-/is-buffer-1.1.6.tgz#efaa2ea9daa0d7ab2ea13a97b2b8ad51fefbe8be"
  integrity sha512-NcdALwpXkTm5Zvvbk7owOUSvVvBKDgKP5/ewfXEznmQFfs4ZRmanOeKBTjRVjka3QFoN6XJ+9F3USqfHqTaU5w==

jquery@^3.3.1:
  version "3.3.1"
  resolved "https://registry.yarnpkg.com/jquery/-/jquery-3.3.1.tgz#958ce29e81c9790f31be7792df5d4d95fc57fbca"
  integrity sha512-Ubldcmxp5np52/ENotGxlLe6aGMvmF4R8S6tZjsP6Knsaxd/xp3Zrh50cG93lR6nPXyUFwzN3ZSOQI0wRJNdGg==

json5@^0.5.0:
  version "0.5.1"
  resolved "https://registry.yarnpkg.com/json5/-/json5-0.5.1.tgz#1eade7acc012034ad84e2396767ead9fa5495821"
  integrity sha1-Hq3nrMASA0rYTiOWdn6tn6VJWCE=

jumbo-mortgage@2.0.0:
  version "2.0.0"
  resolved "https://registry.yarnpkg.com/jumbo-mortgage/-/jumbo-mortgage-2.0.0.tgz#0d3586717e714b88386abbecce918ce1208ec572"
  integrity sha1-DTWGcX5xS4g4arvszpGM4SCOxXI=
  dependencies:
    format-usd "~0.1.0"

loader-utils@1.0.x:
  version "1.0.4"
  resolved "https://registry.yarnpkg.com/loader-utils/-/loader-utils-1.0.4.tgz#13f56197f1523a305891248b4c7244540848426c"
  integrity sha1-E/Vhl/FSOjBYkSSLTHJEVAhIQmw=
  dependencies:
    big.js "^3.1.3"
    emojis-list "^2.0.0"
    json5 "^0.5.0"

lodash@^4.17.10:
  version "4.17.11"
  resolved "https://registry.yarnpkg.com/lodash/-/lodash-4.17.11.tgz#b39ea6229ef607ecd89e2c8df12536891cac9b8d"
  integrity sha512-cQKh8igo5QUhZ7lg38DYWAxMvjSAKG0A8wGSVimP07SIUEK2UO+arSRKbRZWtelMtN5V0Hkwh5ryOto/SshYIg==

median@0.0.2:
  version "0.0.2"
  resolved "https://registry.yarnpkg.com/median/-/median-0.0.2.tgz#1b7172bc221eb3e9bf4f479fadaadefc50c44787"
  integrity sha1-G3FyvCIes+m/T0efrare/FDER4c=

minimist@~0.0.1:
  version "0.0.10"
  resolved "https://registry.yarnpkg.com/minimist/-/minimist-0.0.10.tgz#de3f98543dbf96082be48ad1a0c7cda836301dcf"
  integrity sha1-3j+YVD2/lggr5IrRoMfNqDYwHc8=

ms@2.0.0:
  version "2.0.0"
  resolved "https://registry.yarnpkg.com/ms/-/ms-2.0.0.tgz#5608aeadfc00be6c2901df5f9861788de0d597c8"
  integrity sha1-VgiurfwAvmwpAd9fmGF4jeDVl8g=

object-assign@^4.1.0:
  version "4.1.1"
  resolved "https://registry.yarnpkg.com/object-assign/-/object-assign-4.1.1.tgz#2109adc7965887cfc05cbbd442cac8bfbb360863"
  integrity sha1-IQmtx5ZYh8/AXLvUQsrIv7s2CGM=

optimist@^0.6.1:
  version "0.6.1"
  resolved "https://registry.yarnpkg.com/optimist/-/optimist-0.6.1.tgz#da3ea74686fa21a19a111c326e90eb15a0196686"
  integrity sha1-2j6nRob6IaGaERwybpDrFaAZZoY=
  dependencies:
    minimist "~0.0.1"
    wordwrap "~0.0.2"

rangeslider-js@^3.0.2:
  version "3.2.1"
  resolved "https://registry.yarnpkg.com/rangeslider-js/-/rangeslider-js-3.2.1.tgz#cfde680ae81f9aa8eb4d1d86b3e0032aed23e916"
  integrity sha512-xd0zwojJTZgz6L3bg/k2DWSaGIr9wHztRChK8Nx8oDXs2DapR+rOVpukAyYlyGsniconxxMBjPVH7vv/9hE5Lg==
  dependencies:
    custom-event "^1.0.1"
    ev-pos "^1.0.1"

source-map@^0.6.1, source-map@~0.6.1:
  version "0.6.1"
  resolved "https://registry.yarnpkg.com/source-map/-/source-map-0.6.1.tgz#74722af32e9614e9c287a8d0bbde48b5e2f1a263"
  integrity sha512-UjgapumWlbMhkBgzT7Ykc5YXUT46F0iKu8SGXq0bcwP5dz/h0Plj6enJqjz1Zbq2l5WaqYnrVbwWOWMyF3F47g==

strictdom@^1.0.1:
  version "1.0.1"
  resolved "https://registry.yarnpkg.com/strictdom/-/strictdom-1.0.1.tgz#189de91649f73d44d59b8432efa68ef9d2659460"
  integrity sha1-GJ3pFkn3PUTVm4Qy76aO+dJllGA=

uglify-js@^3.1.4:
  version "3.4.9"
  resolved "https://registry.yarnpkg.com/uglify-js/-/uglify-js-3.4.9.tgz#af02f180c1207d76432e473ed24a28f4a782bae3"
  integrity sha512-8CJsbKOtEbnJsTyv6LE6m6ZKniqMiFWmm9sRbopbkGs3gMPPfd3Fh8iIA4Ykv5MgaTbqHr4BaoGLJLZNhsrW1Q==
  dependencies:
    commander "~2.17.1"
    source-map "~0.6.1"

unformat-usd@0.1.1:
  version "0.1.1"
  resolved "https://registry.yarnpkg.com/unformat-usd/-/unformat-usd-0.1.1.tgz#f9b50e9c5b0a178de1738b4de55537ebd00ab8f7"
  integrity sha1-+bUOnFsKF43hc4tN5VU369AKuPc=

wordwrap@~0.0.2:
  version "0.0.3"
  resolved "https://registry.yarnpkg.com/wordwrap/-/wordwrap-0.0.3.tgz#a3d5da6cd5c0bc0008d37234bbaf1bed63059107"
  integrity sha1-o9XabNXAvAAI03I0u68b7WMFkQc=
